// !$*UTF8*$!
{
	archiveVersion = 1;
	classes = {
	};
	objectVersion = 56;
	objects = {

/* Begin PBXBuildFile section */
		BB6200612C80B79C00395F76 /* dooApp.swift in Sources */ = {isa = PBXBuildFile; fileRef = BB6200602C80B79C00395F76 /* dooApp.swift */; };
		BB6200632C80B79C00395F76 /* ContentView.swift in Sources */ = {isa = PBXBuildFile; fileRef = BB6200622C80B79C00395F76 /* ContentView.swift */; };
		BB6200652C80B79D00395F76 /* Assets.xcassets in Resources */ = {isa = PBXBuildFile; fileRef = BB6200642C80B79D00395F76 /* Assets.xcassets */; };
		BB6200682C80B79D00395F76 /* Preview Assets.xcassets in Resources */ = {isa = PBXBuildFile; fileRef = BB6200672C80B79D00395F76 /* Preview Assets.xcassets */; };
		BB6200792C80BA1000395F76 /* FeedView.swift in Sources */ = {isa = PBXBuildFile; fileRef = BB6200782C80BA1000395F76 /* FeedView.swift */; };
		BB62007C2C80BB7500395F76 /* PostRowView.swift in Sources */ = {isa = PBXBuildFile; fileRef = BB62007B2C80BB7500395F76 /* PostRowView.swift */; };
		BB62007F2C80DE6F00395F76 /* MenuBarView.swift in Sources */ = {isa = PBXBuildFile; fileRef = BB62007E2C80DE6F00395F76 /* MenuBarView.swift */; };
		BB6200852C80E5A400395F76 /* ProfileView.swift in Sources */ = {isa = PBXBuildFile; fileRef = BB6200842C80E5A400395F76 /* ProfileView.swift */; };
		BB62008A2C81E9CE00395F76 /* AddFriendsView.swift in Sources */ = {isa = PBXBuildFile; fileRef = BB6200892C81E9CE00395F76 /* AddFriendsView.swift */; };
		BB62008D2C81F28E00395F76 /* UsersView.swift in Sources */ = {isa = PBXBuildFile; fileRef = BB62008C2C81F28E00395F76 /* UsersView.swift */; };
/* End PBXBuildFile section */

/* Begin PBXFileReference section */
		BB62005D2C80B79C00395F76 /* doo.app */ = {isa = PBXFileReference; explicitFileType = wrapper.application; includeInIndex = 0; path = doo.app; sourceTree = BUILT_PRODUCTS_DIR; };
		BB6200602C80B79C00395F76 /* dooApp.swift */ = {isa = PBXFileReference; lastKnownFileType = sourcecode.swift; path = dooApp.swift; sourceTree = "<group>"; };
		BB6200622C80B79C00395F76 /* ContentView.swift */ = {isa = PBXFileReference; lastKnownFileType = sourcecode.swift; path = ContentView.swift; sourceTree = "<group>"; };
		BB6200642C80B79D00395F76 /* Assets.xcassets */ = {isa = PBXFileReference; lastKnownFileType = folder.assetcatalog; path = Assets.xcassets; sourceTree = "<group>"; };
		BB6200672C80B79D00395F76 /* Preview Assets.xcassets */ = {isa = PBXFileReference; lastKnownFileType = folder.assetcatalog; path = "Preview Assets.xcassets"; sourceTree = "<group>"; };
		BB6200782C80BA1000395F76 /* FeedView.swift */ = {isa = PBXFileReference; lastKnownFileType = sourcecode.swift; path = FeedView.swift; sourceTree = "<group>"; };
		BB62007B2C80BB7500395F76 /* PostRowView.swift */ = {isa = PBXFileReference; lastKnownFileType = sourcecode.swift; path = PostRowView.swift; sourceTree = "<group>"; };
		BB62007E2C80DE6F00395F76 /* MenuBarView.swift */ = {isa = PBXFileReference; lastKnownFileType = sourcecode.swift; path = MenuBarView.swift; sourceTree = "<group>"; };
		BB6200842C80E5A400395F76 /* ProfileView.swift */ = {isa = PBXFileReference; lastKnownFileType = sourcecode.swift; path = ProfileView.swift; sourceTree = "<group>"; };
		BB6200892C81E9CE00395F76 /* AddFriendsView.swift */ = {isa = PBXFileReference; lastKnownFileType = sourcecode.swift; path = AddFriendsView.swift; sourceTree = "<group>"; };
		BB62008C2C81F28E00395F76 /* UsersView.swift */ = {isa = PBXFileReference; lastKnownFileType = sourcecode.swift; path = UsersView.swift; sourceTree = "<group>"; };
/* End PBXFileReference section */

/* Begin PBXFrameworksBuildPhase section */
		BB62005A2C80B79C00395F76 /* Frameworks */ = {
			isa = PBXFrameworksBuildPhase;
			buildActionMask = 2147483647;
			files = (
			);
			runOnlyForDeploymentPostprocessing = 0;
		};
/* End PBXFrameworksBuildPhase section */

/* Begin PBXGroup section */
		BB6200542C80B79C00395F76 = {
			isa = PBXGroup;
			children = (
				BB62005F2C80B79C00395F76 /* doo */,
				BB62005E2C80B79C00395F76 /* Products */,
			);
			sourceTree = "<group>";
		};
		BB62005E2C80B79C00395F76 /* Products */ = {
			isa = PBXGroup;
			children = (
				BB62005D2C80B79C00395F76 /* doo.app */,
			);
			name = Products;
			sourceTree = "<group>";
		};
		BB62005F2C80B79C00395F76 /* doo */ = {
			isa = PBXGroup;
			children = (
				BB6200602C80B79C00395F76 /* dooApp.swift */,
				BB6200622C80B79C00395F76 /* ContentView.swift */,
				BB6200732C80B98C00395F76 /* Model */,
				BB6200722C80B97D00395F76 /* Service */,
				BB6200702C80B96A00395F76 /* Extensions */,
				BB62006F2C80B96300395F76 /* Core */,
				BB6200642C80B79D00395F76 /* Assets.xcassets */,
				BB6200662C80B79D00395F76 /* Preview Content */,
			);
			path = doo;
			sourceTree = "<group>";
		};
		BB6200662C80B79D00395F76 /* Preview Content */ = {
			isa = PBXGroup;
			children = (
				BB6200672C80B79D00395F76 /* Preview Assets.xcassets */,
			);
			path = "Preview Content";
			sourceTree = "<group>";
		};
		BB62006F2C80B96300395F76 /* Core */ = {
			isa = PBXGroup;
			children = (
				BB6200862C81E9B300395F76 /* AddFriends */,
				BB6200812C80E54800395F76 /* Profile */,
				BB6200802C80E52700395F76 /* List */,
				BB62007D2C80DE5E00395F76 /* MenuBar */,
				BB6200752C80B9A400395F76 /* Feed */,
				BB6200742C80B99E00395F76 /* Components */,
			);
			path = Core;
			sourceTree = "<group>";
		};
		BB6200702C80B96A00395F76 /* Extensions */ = {
			isa = PBXGroup;
			children = (
			);
			path = Extensions;
			sourceTree = "<group>";
		};
		BB6200722C80B97D00395F76 /* Service */ = {
			isa = PBXGroup;
			children = (
			);
			path = Service;
			sourceTree = "<group>";
		};
		BB6200732C80B98C00395F76 /* Model */ = {
			isa = PBXGroup;
			children = (
			);
			path = Model;
			sourceTree = "<group>";
		};
		BB6200742C80B99E00395F76 /* Components */ = {
			isa = PBXGroup;
			children = (
				BB62008B2C81F28100395F76 /* Users */,
				BB62007A2C80BB3A00395F76 /* Posts */,
			);
			path = Components;
			sourceTree = "<group>";
		};
		BB6200752C80B9A400395F76 /* Feed */ = {
			isa = PBXGroup;
			children = (
				BB6200772C80B9DE00395F76 /* View */,
				BB6200762C80B9C800395F76 /* ViewModels */,
			);
			path = Feed;
			sourceTree = "<group>";
		};
		BB6200762C80B9C800395F76 /* ViewModels */ = {
			isa = PBXGroup;
			children = (
			);
			path = ViewModels;
			sourceTree = "<group>";
		};
		BB6200772C80B9DE00395F76 /* View */ = {
			isa = PBXGroup;
			children = (
				BB6200782C80BA1000395F76 /* FeedView.swift */,
			);
			path = View;
			sourceTree = "<group>";
		};
		BB62007A2C80BB3A00395F76 /* Posts */ = {
			isa = PBXGroup;
			children = (
				BB62007B2C80BB7500395F76 /* PostRowView.swift */,
			);
			path = Posts;
			sourceTree = "<group>";
		};
		BB62007D2C80DE5E00395F76 /* MenuBar */ = {
			isa = PBXGroup;
			children = (
				BB62007E2C80DE6F00395F76 /* MenuBarView.swift */,
			);
			path = MenuBar;
			sourceTree = "<group>";
		};
		BB6200802C80E52700395F76 /* List */ = {
			isa = PBXGroup;
			children = (
			);
			path = List;
			sourceTree = "<group>";
		};
		BB6200812C80E54800395F76 /* Profile */ = {
			isa = PBXGroup;
			children = (
				BB6200832C80E59400395F76 /* ViewModel */,
				BB6200822C80E59000395F76 /* View */,
			);
			path = Profile;
			sourceTree = "<group>";
		};
		BB6200822C80E59000395F76 /* View */ = {
			isa = PBXGroup;
			children = (
				BB6200842C80E5A400395F76 /* ProfileView.swift */,
			);
			path = View;
			sourceTree = "<group>";
		};
		BB6200832C80E59400395F76 /* ViewModel */ = {
			isa = PBXGroup;
			children = (
			);
			path = ViewModel;
			sourceTree = "<group>";
		};
		BB6200862C81E9B300395F76 /* AddFriends */ = {
			isa = PBXGroup;
			children = (
				BB6200882C81E9BB00395F76 /* ViewModel */,
				BB6200872C81E9B800395F76 /* View */,
			);
			path = AddFriends;
			sourceTree = "<group>";
		};
		BB6200872C81E9B800395F76 /* View */ = {
			isa = PBXGroup;
			children = (
				BB6200892C81E9CE00395F76 /* AddFriendsView.swift */,
			);
			path = View;
			sourceTree = "<group>";
		};
		BB6200882C81E9BB00395F76 /* ViewModel */ = {
			isa = PBXGroup;
			children = (
			);
			path = ViewModel;
			sourceTree = "<group>";
		};
		BB62008B2C81F28100395F76 /* Users */ = {
			isa = PBXGroup;
			children = (
				BB62008C2C81F28E00395F76 /* UsersView.swift */,
			);
			path = Users;
			sourceTree = "<group>";
		};
/* End PBXGroup section */

/* Begin PBXNativeTarget section */
		BB62005C2C80B79C00395F76 /* doo */ = {
			isa = PBXNativeTarget;
			buildConfigurationList = BB62006B2C80B79D00395F76 /* Build configuration list for PBXNativeTarget "doo" */;
			buildPhases = (
				BB6200592C80B79C00395F76 /* Sources */,
				BB62005A2C80B79C00395F76 /* Frameworks */,
				BB62005B2C80B79C00395F76 /* Resources */,
			);
			buildRules = (
			);
			dependencies = (
			);
			name = doo;
			productName = doo;
			productReference = BB62005D2C80B79C00395F76 /* doo.app */;
			productType = "com.apple.product-type.application";
		};
/* End PBXNativeTarget section */

/* Begin PBXProject section */
		BB6200552C80B79C00395F76 /* Project object */ = {
			isa = PBXProject;
			attributes = {
				BuildIndependentTargetsInParallel = 1;
				LastSwiftUpdateCheck = 1540;
				LastUpgradeCheck = 1540;
				TargetAttributes = {
					BB62005C2C80B79C00395F76 = {
						CreatedOnToolsVersion = 15.4;
					};
				};
			};
			buildConfigurationList = BB6200582C80B79C00395F76 /* Build configuration list for PBXProject "doo" */;
			compatibilityVersion = "Xcode 14.0";
			developmentRegion = en;
			hasScannedForEncodings = 0;
			knownRegions = (
				en,
				Base,
			);
			mainGroup = BB6200542C80B79C00395F76;
			productRefGroup = BB62005E2C80B79C00395F76 /* Products */;
			projectDirPath = "";
			projectRoot = "";
			targets = (
				BB62005C2C80B79C00395F76 /* doo */,
			);
		};
/* End PBXProject section */

/* Begin PBXResourcesBuildPhase section */
		BB62005B2C80B79C00395F76 /* Resources */ = {
			isa = PBXResourcesBuildPhase;
			buildActionMask = 2147483647;
			files = (
				BB6200682C80B79D00395F76 /* Preview Assets.xcassets in Resources */,
				BB6200652C80B79D00395F76 /* Assets.xcassets in Resources */,
			);
			runOnlyForDeploymentPostprocessing = 0;
		};
/* End PBXResourcesBuildPhase section */

/* Begin PBXSourcesBuildPhase section */
		BB6200592C80B79C00395F76 /* Sources */ = {
			isa = PBXSourcesBuildPhase;
			buildActionMask = 2147483647;
			files = (
				BB6200632C80B79C00395F76 /* ContentView.swift in Sources */,
				BB62007C2C80BB7500395F76 /* PostRowView.swift in Sources */,
				BB62008A2C81E9CE00395F76 /* AddFriendsView.swift in Sources */,
				BB6200792C80BA1000395F76 /* FeedView.swift in Sources */,
				BB6200612C80B79C00395F76 /* dooApp.swift in Sources */,
				BB6200852C80E5A400395F76 /* ProfileView.swift in Sources */,
				BB62007F2C80DE6F00395F76 /* MenuBarView.swift in Sources */,
				BB62008D2C81F28E00395F76 /* UsersView.swift in Sources */,
			);
			runOnlyForDeploymentPostprocessing = 0;
		};
/* End PBXSourcesBuildPhase section */

/* Begin XCBuildConfiguration section */
		BB6200692C80B79D00395F76 /* Debug */ = {
			isa = XCBuildConfiguration;
			buildSettings = {
				ALWAYS_SEARCH_USER_PATHS = NO;
				ASSETCATALOG_COMPILER_GENERATE_SWIFT_ASSET_SYMBOL_EXTENSIONS = YES;
				CLANG_ANALYZER_NONNULL = YES;
				CLANG_ANALYZER_NUMBER_OBJECT_CONVERSION = YES_AGGRESSIVE;
				CLANG_CXX_LANGUAGE_STANDARD = "gnu++20";
				CLANG_ENABLE_MODULES = YES;
				CLANG_ENABLE_OBJC_ARC = YES;
				CLANG_ENABLE_OBJC_WEAK = YES;
				CLANG_WARN_BLOCK_CAPTURE_AUTORELEASING = YES;
				CLANG_WARN_BOOL_CONVERSION = YES;
				CLANG_WARN_COMMA = YES;
				CLANG_WARN_CONSTANT_CONVERSION = YES;
				CLANG_WARN_DEPRECATED_OBJC_IMPLEMENTATIONS = YES;
				CLANG_WARN_DIRECT_OBJC_ISA_USAGE = YES_ERROR;
				CLANG_WARN_DOCUMENTATION_COMMENTS = YES;
				CLANG_WARN_EMPTY_BODY = YES;
				CLANG_WARN_ENUM_CONVERSION = YES;
				CLANG_WARN_INFINITE_RECURSION = YES;
				CLANG_WARN_INT_CONVERSION = YES;
				CLANG_WARN_NON_LITERAL_NULL_CONVERSION = YES;
				CLANG_WARN_OBJC_IMPLICIT_RETAIN_SELF = YES;
				CLANG_WARN_OBJC_LITERAL_CONVERSION = YES;
				CLANG_WARN_OBJC_ROOT_CLASS = YES_ERROR;
				CLANG_WARN_QUOTED_INCLUDE_IN_FRAMEWORK_HEADER = YES;
				CLANG_WARN_RANGE_LOOP_ANALYSIS = YES;
				CLANG_WARN_STRICT_PROTOTYPES = YES;
				CLANG_WARN_SUSPICIOUS_MOVE = YES;
				CLANG_WARN_UNGUARDED_AVAILABILITY = YES_AGGRESSIVE;
				CLANG_WARN_UNREACHABLE_CODE = YES;
				CLANG_WARN__DUPLICATE_METHOD_MATCH = YES;
				COPY_PHASE_STRIP = NO;
				DEBUG_INFORMATION_FORMAT = dwarf;
				ENABLE_STRICT_OBJC_MSGSEND = YES;
				ENABLE_TESTABILITY = YES;
				ENABLE_USER_SCRIPT_SANDBOXING = YES;
				GCC_C_LANGUAGE_STANDARD = gnu17;
				GCC_DYNAMIC_NO_PIC = NO;
				GCC_NO_COMMON_BLOCKS = YES;
				GCC_OPTIMIZATION_LEVEL = 0;
				GCC_PREPROCESSOR_DEFINITIONS = (
					"DEBUG=1",
					"$(inherited)",
				);
				GCC_WARN_64_TO_32_BIT_CONVERSION = YES;
				GCC_WARN_ABOUT_RETURN_TYPE = YES_ERROR;
				GCC_WARN_UNDECLARED_SELECTOR = YES;
				GCC_WARN_UNINITIALIZED_AUTOS = YES_AGGRESSIVE;
				GCC_WARN_UNUSED_FUNCTION = YES;
				GCC_WARN_UNUSED_VARIABLE = YES;
				IPHONEOS_DEPLOYMENT_TARGET = 17.5;
				LOCALIZATION_PREFERS_STRING_CATALOGS = YES;
				MTL_ENABLE_DEBUG_INFO = INCLUDE_SOURCE;
				MTL_FAST_MATH = YES;
				ONLY_ACTIVE_ARCH = YES;
				SDKROOT = iphoneos;
				SWIFT_ACTIVE_COMPILATION_CONDITIONS = "DEBUG $(inherited)";
				SWIFT_OPTIMIZATION_LEVEL = "-Onone";
			};
			name = Debug;
		};
		BB62006A2C80B79D00395F76 /* Release */ = {
			isa = XCBuildConfiguration;
			buildSettings = {
				ALWAYS_SEARCH_USER_PATHS = NO;
				ASSETCATALOG_COMPILER_GENERATE_SWIFT_ASSET_SYMBOL_EXTENSIONS = YES;
				CLANG_ANALYZER_NONNULL = YES;
				CLANG_ANALYZER_NUMBER_OBJECT_CONVERSION = YES_AGGRESSIVE;
				CLANG_CXX_LANGUAGE_STANDARD = "gnu++20";
				CLANG_ENABLE_MODULES = YES;
				CLANG_ENABLE_OBJC_ARC = YES;
				CLANG_ENABLE_OBJC_WEAK = YES;
				CLANG_WARN_BLOCK_CAPTURE_AUTORELEASING = YES;
				CLANG_WARN_BOOL_CONVERSION = YES;
				CLANG_WARN_COMMA = YES;
				CLANG_WARN_CONSTANT_CONVERSION = YES;
				CLANG_WARN_DEPRECATED_OBJC_IMPLEMENTATIONS = YES;
				CLANG_WARN_DIRECT_OBJC_ISA_USAGE = YES_ERROR;
				CLANG_WARN_DOCUMENTATION_COMMENTS = YES;
				CLANG_WARN_EMPTY_BODY = YES;
				CLANG_WARN_ENUM_CONVERSION = YES;
				CLANG_WARN_INFINITE_RECURSION = YES;
				CLANG_WARN_INT_CONVERSION = YES;
				CLANG_WARN_NON_LITERAL_NULL_CONVERSION = YES;
				CLANG_WARN_OBJC_IMPLICIT_RETAIN_SELF = YES;
				CLANG_WARN_OBJC_LITERAL_CONVERSION = YES;
				CLANG_WARN_OBJC_ROOT_CLASS = YES_ERROR;
				CLANG_WARN_QUOTED_INCLUDE_IN_FRAMEWORK_HEADER = YES;
				CLANG_WARN_RANGE_LOOP_ANALYSIS = YES;
				CLANG_WARN_STRICT_PROTOTYPES = YES;
				CLANG_WARN_SUSPICIOUS_MOVE = YES;
				CLANG_WARN_UNGUARDED_AVAILABILITY = YES_AGGRESSIVE;
				CLANG_WARN_UNREACHABLE_CODE = YES;
				CLANG_WARN__DUPLICATE_METHOD_MATCH = YES;
				COPY_PHASE_STRIP = NO;
				DEBUG_INFORMATION_FORMAT = "dwarf-with-dsym";
				ENABLE_NS_ASSERTIONS = NO;
				ENABLE_STRICT_OBJC_MSGSEND = YES;
				ENABLE_USER_SCRIPT_SANDBOXING = YES;
				GCC_C_LANGUAGE_STANDARD = gnu17;
				GCC_NO_COMMON_BLOCKS = YES;
				GCC_WARN_64_TO_32_BIT_CONVERSION = YES;
				GCC_WARN_ABOUT_RETURN_TYPE = YES_ERROR;
				GCC_WARN_UNDECLARED_SELECTOR = YES;
				GCC_WARN_UNINITIALIZED_AUTOS = YES_AGGRESSIVE;
				GCC_WARN_UNUSED_FUNCTION = YES;
				GCC_WARN_UNUSED_VARIABLE = YES;
				IPHONEOS_DEPLOYMENT_TARGET = 17.5;
				LOCALIZATION_PREFERS_STRING_CATALOGS = YES;
				MTL_ENABLE_DEBUG_INFO = NO;
				MTL_FAST_MATH = YES;
				SDKROOT = iphoneos;
				SWIFT_COMPILATION_MODE = wholemodule;
				VALIDATE_PRODUCT = YES;
			};
			name = Release;
		};
		BB62006C2C80B79D00395F76 /* Debug */ = {
			isa = XCBuildConfiguration;
			buildSettings = {
				ASSETCATALOG_COMPILER_APPICON_NAME = AppIcon;
				ASSETCATALOG_COMPILER_GLOBAL_ACCENT_COLOR_NAME = AccentColor;
				CODE_SIGN_STYLE = Automatic;
				CURRENT_PROJECT_VERSION = 1;
				DEVELOPMENT_ASSET_PATHS = "\"doo/Preview Content\"";
				DEVELOPMENT_TEAM = S9QCKK4857;
				ENABLE_PREVIEWS = YES;
				GENERATE_INFOPLIST_FILE = YES;
				INFOPLIST_KEY_UIApplicationSceneManifest_Generation = YES;
				INFOPLIST_KEY_UIApplicationSupportsIndirectInputEvents = YES;
				INFOPLIST_KEY_UILaunchScreen_Generation = YES;
				INFOPLIST_KEY_UISupportedInterfaceOrientations_iPad = "UIInterfaceOrientationPortrait UIInterfaceOrientationPortraitUpsideDown UIInterfaceOrientationLandscapeLeft UIInterfaceOrientationLandscapeRight";
				INFOPLIST_KEY_UISupportedInterfaceOrientations_iPhone = "UIInterfaceOrientationPortrait UIInterfaceOrientationLandscapeLeft UIInterfaceOrientationLandscapeRight";
				LD_RUNPATH_SEARCH_PATHS = (
					"$(inherited)",
					"@executable_path/Frameworks",
				);
				MARKETING_VERSION = 1.0;
				PRODUCT_BUNDLE_IDENTIFIER = leahkiim.doo;
				PRODUCT_NAME = "$(TARGET_NAME)";
				SWIFT_EMIT_LOC_STRINGS = YES;
				SWIFT_VERSION = 5.0;
				TARGETED_DEVICE_FAMILY = "1,2";
			};
			name = Debug;
		};
		BB62006D2C80B79D00395F76 /* Release */ = {
			isa = XCBuildConfiguration;
			buildSettings = {
				ASSETCATALOG_COMPILER_APPICON_NAME = AppIcon;
				ASSETCATALOG_COMPILER_GLOBAL_ACCENT_COLOR_NAME = AccentColor;
				CODE_SIGN_STYLE = Automatic;
				CURRENT_PROJECT_VERSION = 1;
				DEVELOPMENT_ASSET_PATHS = "\"doo/Preview Content\"";
				DEVELOPMENT_TEAM = S9QCKK4857;
				ENABLE_PREVIEWS = YES;
				GENERATE_INFOPLIST_FILE = YES;
				INFOPLIST_KEY_UIApplicationSceneManifest_Generation = YES;
				INFOPLIST_KEY_UIApplicationSupportsIndirectInputEvents = YES;
				INFOPLIST_KEY_UILaunchScreen_Generation = YES;
				INFOPLIST_KEY_UISupportedInterfaceOrientations_iPad = "UIInterfaceOrientationPortrait UIInterfaceOrientationPortraitUpsideDown UIInterfaceOrientationLandscapeLeft UIInterfaceOrientationLandscapeRight";
				INFOPLIST_KEY_UISupportedInterfaceOrientations_iPhone = "UIInterfaceOrientationPortrait UIInterfaceOrientationLandscapeLeft UIInterfaceOrientationLandscapeRight";
				LD_RUNPATH_SEARCH_PATHS = (
					"$(inherited)",
					"@executable_path/Frameworks",
				);
				MARKETING_VERSION = 1.0;
				PRODUCT_BUNDLE_IDENTIFIER = leahkiim.doo;
				PRODUCT_NAME = "$(TARGET_NAME)";
				SWIFT_EMIT_LOC_STRINGS = YES;
				SWIFT_VERSION = 5.0;
				TARGETED_DEVICE_FAMILY = "1,2";
			};
			name = Release;
		};
/* End XCBuildConfiguration section */

/* Begin XCConfigurationList section */
		BB6200582C80B79C00395F76 /* Build configuration list for PBXProject "doo" */ = {
			isa = XCConfigurationList;
			buildConfigurations = (
				BB6200692C80B79D00395F76 /* Debug */,
				BB62006A2C80B79D00395F76 /* Release */,
			);
			defaultConfigurationIsVisible = 0;
			defaultConfigurationName = Release;
		};
		BB62006B2C80B79D00395F76 /* Build configuration list for PBXNativeTarget "doo" */ = {
			isa = XCConfigurationList;
			buildConfigurations = (
				BB62006C2C80B79D00395F76 /* Debug */,
				BB62006D2C80B79D00395F76 /* Release */,
			);
			defaultConfigurationIsVisible = 0;
			defaultConfigurationName = Release;
		};
/* End XCConfigurationList section */
	};
	rootObject = BB6200552C80B79C00395F76 /* Project object */;
}
